
Microsoft Visual Studio Solution File, Format Version 12.00
# Visual Studio Version 17
VisualStudioVersion = 17.13.35913.81
MinimumVisualStudioVersion = 10.0.40219.1
Project("{2150E333-8FDC-42A3-9474-1A3956D46DE8}") = "Documentacion", "Documentacion", "{02EA681E-C7D8-13C7-8484-4AC65E1B71E8}"
	ProjectSection(SolutionItems) = preProject
		Documentacion\anos_academicos_configuracion.json = Documentacion\anos_academicos_configuracion.json
		Documentacion\colegios-schema-db.sql = Documentacion\colegios-schema-db.sql
		Documentacion\colegios_colores_tema.json = Documentacion\colegios_colores_tema.json
		Documentacion\colegio_configuracion_json.json = Documentacion\colegio_configuracion_json.json
		Documentacion\configuraciones_adicionales.json = Documentacion\configuraciones_adicionales.json
		Documentacion\configuracion_financiera_reportes.json = Documentacion\configuracion_financiera_reportes.json
		Documentacion\diagrama_bd_completo.mermaid = Documentacion\diagrama_bd_completo.mermaid
		Documentacion\logs_auditoria_datos.json = Documentacion\logs_auditoria_datos.json
		Documentacion\multicolegio_db.sql = Documentacion\multicolegio_db.sql
		Documentacion\Requerimiento.docx = Documentacion\Requerimiento.docx
		Documentacion\roles_permisos.json = Documentacion\roles_permisos.json
		Documentacion\script_pgadmin_final.sql = Documentacion\script_pgadmin_final.sql
	EndProjectSection
EndProject
Project("{FAE04EC0-301F-11D3-BF4B-00C04F79EFBC}") = "ColegiosBackend", "ColegiosBackend\ColegiosBackend.csproj", "{7D4C450C-E493-4C02-B259-9D0E5A4F0F28}"
EndProject
Global
	GlobalSection(SolutionConfigurationPlatforms) = preSolution
		Debug|Any CPU = Debug|Any CPU
		Release|Any CPU = Release|Any CPU
	EndGlobalSection
	GlobalSection(ProjectConfigurationPlatforms) = postSolution
		{7D4C450C-E493-4C02-B259-9D0E5A4F0F28}.Debug|Any CPU.ActiveCfg = Debug|Any CPU
		{7D4C450C-E493-4C02-B259-9D0E5A4F0F28}.Debug|Any CPU.Build.0 = Debug|Any CPU
		{7D4C450C-E493-4C02-B259-9D0E5A4F0F28}.Release|Any CPU.ActiveCfg = Release|Any CPU
		{7D4C450C-E493-4C02-B259-9D0E5A4F0F28}.Release|Any CPU.Build.0 = Release|Any CPU
	EndGlobalSection
	GlobalSection(SolutionProperties) = preSolution
		HideSolutionNode = FALSE
	EndGlobalSection
	GlobalSection(ExtensibilityGlobals) = postSolution
		SolutionGuid = {41AD1249-615A-4FBB-B1D0-965BEA96A5A9}
	EndGlobalSection
EndGlobal
